{
  "name": "ep_http_hook",
  "version": "0.0.1",
  "lockfileVersion": 2,
  "requires": true,
  "packages": {
    "": {
      "name": "ep_http_hook",
      "version": "0.0.1",
      "license": "MIT",
      "dependencies": {
        "crypto": "0.0.3",
        "request": "^2.58.0"
      }
    },
    "node_modules/crypto": {
      "version": "0.0.3",
      "engines": {
        "node": "*"
      }
    },
    "node_modules/request": {
      "version": "2.58.0",
      "license": "Apache-2.0",
      "dependencies": {
        "aws-sign2": "~0.5.0",
        "bl": "~0.9.0",
        "caseless": "~0.10.0",
        "combined-stream": "~1.0.1",
        "extend": "~2.0.1",
        "forever-agent": "~0.6.0",
        "form-data": "~1.0.0-rc1",
        "har-validator": "^1.6.1",
        "hawk": "~2.3.0",
        "http-signature": "~0.11.0",
        "isstream": "~0.1.1",
        "json-stringify-safe": "~5.0.0",
        "mime-types": "~2.0.1",
        "node-uuid": "~1.4.0",
        "oauth-sign": "~0.8.0",
        "qs": "~3.1.0",
        "stringstream": "~0.0.4",
        "tough-cookie": ">=0.12.0",
        "tunnel-agent": "~0.4.0"
      },
      "engines": {
        "node": ">=0.8.0"
      }
    },
    "node_modules/request/node_modules/aws-sign2": {
      "version": "0.5.0",
      "engines": {
        "node": "*"
      }
    },
    "node_modules/request/node_modules/bl": {
      "version": "0.9.4",
      "license": "MIT",
      "dependencies": {
        "readable-stream": "~1.0.26"
      }
    },
    "node_modules/request/node_modules/bl/node_modules/readable-stream": {
      "version": "1.0.33",
      "license": "MIT",
      "dependencies": {
        "core-util-is": "~1.0.0",
        "inherits": "~2.0.1",
        "isarray": "0.0.1",
        "string_decoder": "~0.10.x"
      }
    },
    "node_modules/request/node_modules/bl/node_modules/readable-stream/node_modules/core-util-is": {
      "version": "1.0.1",
      "license": "MIT"
    },
    "node_modules/request/node_modules/bl/node_modules/readable-stream/node_modules/inherits": {
      "version": "2.0.1",
      "license": "ISC"
    },
    "node_modules/request/node_modules/bl/node_modules/readable-stream/node_modules/isarray": {
      "version": "0.0.1",
      "license": "MIT"
    },
    "node_modules/request/node_modules/bl/node_modules/readable-stream/node_modules/string_decoder": {
      "version": "0.10.31",
      "license": "MIT"
    },
    "node_modules/request/node_modules/caseless": {
      "version": "0.10.0",
      "license": "BSD"
    },
    "node_modules/request/node_modules/combined-stream": {
      "version": "1.0.5",
      "license": "MIT",
      "dependencies": {
        "delayed-stream": "~1.0.0"
      },
      "engines": {
        "node": ">= 0.8"
      }
    },
    "node_modules/request/node_modules/combined-stream/node_modules/delayed-stream": {
      "version": "1.0.0",
      "license": "MIT",
      "engines": {
        "node": ">=0.4.0"
      }
    },
    "node_modules/request/node_modules/extend": {
      "version": "2.0.1",
      "license": "MIT"
    },
    "node_modules/request/node_modules/forever-agent": {
      "version": "0.6.1",
      "license": "Apache-2.0",
      "engines": {
        "node": "*"
      }
    },
    "node_modules/request/node_modules/form-data": {
      "version": "1.0.0-rc1",
      "dependencies": {
        "async": "^1.2.1",
        "combined-stream": "^1.0.3",
        "mime-types": "^2.1.1"
      },
      "engines": {
        "node": ">= 0.10"
      }
    },
    "node_modules/request/node_modules/form-data/node_modules/async": {
      "version": "1.2.1",
      "license": "MIT"
    },
    "node_modules/request/node_modules/form-data/node_modules/mime-types": {
      "version": "2.1.1",
      "license": "MIT",
      "dependencies": {
        "mime-db": "~1.13.0"
      },
      "engines": {
        "node": ">= 0.6"
      }
    },
    "node_modules/request/node_modules/form-data/node_modules/mime-types/node_modules/mime-db": {
      "version": "1.13.0",
      "license": "MIT",
      "engines": {
        "node": ">= 0.6"
      }
    },
    "node_modules/request/node_modules/har-validator": {
      "version": "1.7.1",
      "license": "MIT",
      "dependencies": {
        "bluebird": "^2.9.26",
        "chalk": "^1.0.0",
        "commander": "^2.8.1",
        "is-my-json-valid": "^2.12.0"
      },
      "bin": {
        "har-validator": "bin/har-validator"
      },
      "engines": {
        "node": ">=0.10"
      }
    },
    "node_modules/request/node_modules/har-validator/node_modules/bluebird": {
      "version": "2.9.30",
      "license": "MIT"
    },
    "node_modules/request/node_modules/har-validator/node_modules/chalk": {
      "version": "1.0.0",
      "license": "MIT",
      "dependencies": {
        "ansi-styles": "^2.0.1",
        "escape-string-regexp": "^1.0.2",
        "has-ansi": "^1.0.3",
        "strip-ansi": "^2.0.1",
        "supports-color": "^1.3.0"
      },
      "engines": {
        "node": ">=0.10.0"
      }
    },
    "node_modules/request/node_modules/har-validator/node_modules/chalk/node_modules/ansi-styles": {
      "version": "2.0.1",
      "license": "MIT",
      "engines": {
        "node": ">=0.10.0"
      }
    },
    "node_modules/request/node_modules/har-validator/node_modules/chalk/node_modules/escape-string-regexp": {
      "version": "1.0.3",
      "license": "MIT",
      "engines": {
        "node": ">=0.8.0"
      }
    },
    "node_modules/request/node_modules/har-validator/node_modules/chalk/node_modules/has-ansi": {
      "version": "1.0.3",
      "license": "MIT",
      "dependencies": {
        "ansi-regex": "^1.1.0",
        "get-stdin": "^4.0.1"
      },
      "bin": {
        "has-ansi": "cli.js"
      },
      "engines": {
        "node": ">=0.10.0"
      }
    },
    "node_modules/request/node_modules/har-validator/node_modules/chalk/node_modules/has-ansi/node_modules/ansi-regex": {
      "version": "1.1.1",
      "license": "MIT",
      "engines": {
        "node": ">=0.10.0"
      }
    },
    "node_modules/request/node_modules/har-validator/node_modules/chalk/node_modules/has-ansi/node_modules/get-stdin": {
      "version": "4.0.1",
      "license": "MIT",
      "engines": {
        "node": ">=0.10.0"
      }
    },
    "node_modules/request/node_modules/har-validator/node_modules/chalk/node_modules/strip-ansi": {
      "version": "2.0.1",
      "license": "MIT",
      "dependencies": {
        "ansi-regex": "^1.0.0"
      },
      "bin": {
        "strip-ansi": "cli.js"
      },
      "engines": {
        "node": ">=0.10.0"
      }
    },
    "node_modules/request/node_modules/har-validator/node_modules/chalk/node_modules/strip-ansi/node_modules/ansi-regex": {
      "version": "1.1.1",
      "license": "MIT",
      "engines": {
        "node": ">=0.10.0"
      }
    },
    "node_modules/request/node_modules/har-validator/node_modules/chalk/node_modules/supports-color": {
      "version": "1.3.1",
      "license": "MIT",
      "bin": {
        "supports-color": "cli.js"
      },
      "engines": {
        "node": ">=0.8.0"
      }
    },
    "node_modules/request/node_modules/har-validator/node_modules/commander": {
      "version": "2.8.1",
      "license": "MIT",
      "dependencies": {
        "graceful-readlink": ">= 1.0.0"
      },
      "engines": {
        "node": ">= 0.6.x"
      }
    },
    "node_modules/request/node_modules/har-validator/node_modules/commander/node_modules/graceful-readlink": {
      "version": "1.0.1",
      "license": "MIT"
    },
    "node_modules/request/node_modules/har-validator/node_modules/is-my-json-valid": {
      "version": "2.12.0",
      "license": "MIT",
      "dependencies": {
        "generate-function": "^2.0.0",
        "generate-object-property": "^1.1.0",
        "jsonpointer": "^1.1.0",
        "xtend": "^4.0.0"
      }
    },
    "node_modules/request/node_modules/har-validator/node_modules/is-my-json-valid/node_modules/generate-function": {
      "version": "2.0.0",
      "license": "MIT"
    },
    "node_modules/request/node_modules/har-validator/node_modules/is-my-json-valid/node_modules/generate-object-property": {
      "version": "1.2.0",
      "license": "MIT",
      "dependencies": {
        "is-property": "^1.0.0"
      }
    },
    "node_modules/request/node_modules/har-validator/node_modules/is-my-json-valid/node_modules/generate-object-property/node_modules/is-property": {
      "version": "1.0.2",
      "license": "MIT"
    },
    "node_modules/request/node_modules/har-validator/node_modules/is-my-json-valid/node_modules/jsonpointer": {
      "version": "1.1.0",
      "engines": [
        "node >= 0.4.9"
      ]
    },
    "node_modules/request/node_modules/har-validator/node_modules/is-my-json-valid/node_modules/xtend": {
      "version": "4.0.0",
      "engines": {
        "node": ">=0.4"
      }
    },
    "node_modules/request/node_modules/hawk": {
      "version": "2.3.1",
      "dependencies": {
        "boom": "2.x.x",
        "cryptiles": "2.x.x",
        "hoek": "2.x.x",
        "sntp": "1.x.x"
      },
      "engines": {
        "node": ">=0.8.0"
      }
    },
    "node_modules/request/node_modules/hawk/node_modules/boom": {
      "version": "2.8.0",
      "license": "BSD-3-Clause",
      "dependencies": {
        "hoek": "2.x.x"
      },
      "engines": {
        "node": ">=0.8.0"
      }
    },
    "node_modules/request/node_modules/hawk/node_modules/cryptiles": {
      "version": "2.0.4",
      "dependencies": {
        "boom": "2.x.x"
      },
      "engines": {
        "node": ">=0.8.0"
      }
    },
    "node_modules/request/node_modules/hawk/node_modules/hoek": {
      "version": "2.14.0",
      "license": "BSD-3-Clause",
      "engines": {
        "node": ">=0.8.0"
      }
    },
    "node_modules/request/node_modules/hawk/node_modules/sntp": {
      "version": "1.0.9",
      "dependencies": {
        "hoek": "2.x.x"
      },
      "engines": {
        "node": ">=0.8.0"
      }
    },
    "node_modules/request/node_modules/http-signature": {
      "version": "0.11.0",
      "license": "MIT",
      "dependencies": {
        "asn1": "0.1.11",
        "assert-plus": "^0.1.5",
        "ctype": "0.5.3"
      },
      "engines": {
        "node": ">=0.8"
      }
    },
    "node_modules/request/node_modules/http-signature/node_modules/asn1": {
      "version": "0.1.11",
      "engines": {
        "node": ">=0.4.9"
      }
    },
    "node_modules/request/node_modules/http-signature/node_modules/assert-plus": {
      "version": "0.1.5",
      "engines": {
        "node": ">=0.8"
      }
    },
    "node_modules/request/node_modules/http-signature/node_modules/ctype": {
      "version": "0.5.3",
      "engines": {
        "node": ">= 0.4"
      }
    },
    "node_modules/request/node_modules/isstream": {
      "version": "0.1.2",
      "license": "MIT"
    },
    "node_modules/request/node_modules/json-stringify-safe": {
      "version": "5.0.1",
      "license": "ISC"
    },
    "node_modules/request/node_modules/mime-types": {
      "version": "2.0.14",
      "license": "MIT",
      "dependencies": {
        "mime-db": "~1.12.0"
      },
      "engines": {
        "node": ">= 0.6"
      }
    },
    "node_modules/request/node_modules/mime-types/node_modules/mime-db": {
      "version": "1.12.0",
      "license": "MIT",
      "engines": {
        "node": ">= 0.6"
      }
    },
    "node_modules/request/node_modules/node-uuid": {
      "version": "1.4.3",
      "bin": {
        "uuid": "bin/uuid"
      }
    },
    "node_modules/request/node_modules/oauth-sign": {
      "version": "0.8.0",
      "license": "Apache-2.0",
      "engines": {
        "node": "*"
      }
    },
    "node_modules/request/node_modules/qs": {
      "version": "3.1.0",
      "license": "BSD-3-Clause"
    },
    "node_modules/request/node_modules/stringstream": {
      "version": "0.0.4",
      "license": "MIT"
    },
    "node_modules/request/node_modules/tough-cookie": {
      "version": "2.0.0",
      "license": "BSD-3-Clause",
      "engines": {
        "node": ">=0.10.0"
      }
    },
    "node_modules/request/node_modules/tunnel-agent": {
      "version": "0.4.0",
      "engines": {
        "node": "*"
      }
    }
  },
  "dependencies": {
    "crypto": {
      "version": "0.0.3"
    },
    "request": {
      "version": "2.58.0",
      "requires": {
        "aws-sign2": "~0.5.0",
        "bl": "~0.9.0",
        "caseless": "~0.10.0",
        "combined-stream": "~1.0.1",
        "extend": "~2.0.1",
        "forever-agent": "~0.6.0",
        "form-data": "~1.0.0-rc1",
        "har-validator": "^1.6.1",
        "hawk": "~2.3.0",
        "http-signature": "~0.11.0",
        "isstream": "~0.1.1",
        "json-stringify-safe": "~5.0.0",
        "mime-types": "~2.0.1",
        "node-uuid": "~1.4.0",
        "oauth-sign": "~0.8.0",
        "qs": "~3.1.0",
        "stringstream": "~0.0.4",
        "tough-cookie": ">=0.12.0",
        "tunnel-agent": "~0.4.0"
      },
      "dependencies": {
        "aws-sign2": {
          "version": "0.5.0"
        },
        "bl": {
          "version": "0.9.4",
          "requires": {
            "readable-stream": "~1.0.26"
          },
          "dependencies": {
            "readable-stream": {
              "version": "1.0.33",
              "requires": {
                "core-util-is": "~1.0.0",
                "inherits": "~2.0.1",
                "isarray": "0.0.1",
                "string_decoder": "~0.10.x"
              },
              "dependencies": {
                "core-util-is": {
                  "version": "1.0.1"
                },
                "inherits": {
                  "version": "2.0.1"
                },
                "isarray": {
                  "version": "0.0.1"
                },
                "string_decoder": {
                  "version": "0.10.31"
                }
              }
            }
          }
        },
        "caseless": {
          "version": "0.10.0"
        },
        "combined-stream": {
          "version": "1.0.5",
          "requires": {
            "delayed-stream": "~1.0.0"
          },
          "dependencies": {
            "delayed-stream": {
              "version": "1.0.0"
            }
          }
        },
        "extend": {
          "version": "2.0.1"
        },
        "forever-agent": {
          "version": "0.6.1"
        },
        "form-data": {
          "version": "1.0.0-rc1",
          "requires": {
            "async": "^1.2.1",
            "combined-stream": "^1.0.3",
            "mime-types": "^2.1.1"
          },
          "dependencies": {
            "async": {
              "version": "1.2.1"
            },
            "mime-types": {
              "version": "2.1.1",
              "requires": {
                "mime-db": "~1.13.0"
              },
              "dependencies": {
                "mime-db": {
                  "version": "1.13.0"
                }
              }
            }
          }
        },
        "har-validator": {
          "version": "1.7.1",
          "requires": {
            "bluebird": "^2.9.26",
            "chalk": "^1.0.0",
            "commander": "^2.8.1",
            "is-my-json-valid": "^2.12.0"
          },
          "dependencies": {
            "bluebird": {
              "version": "2.9.30"
            },
            "chalk": {
              "version": "1.0.0",
              "requires": {
                "ansi-styles": "^2.0.1",
                "escape-string-regexp": "^1.0.2",
                "has-ansi": "^1.0.3",
                "strip-ansi": "^2.0.1",
                "supports-color": "^1.3.0"
              },
              "dependencies": {
                "ansi-styles": {
                  "version": "2.0.1"
                },
                "escape-string-regexp": {
                  "version": "1.0.3"
                },
                "has-ansi": {
                  "version": "1.0.3",
                  "requires": {
                    "ansi-regex": "^1.1.0",
                    "get-stdin": "^4.0.1"
                  },
                  "dependencies": {
                    "ansi-regex": {
                      "version": "1.1.1"
                    },
                    "get-stdin": {
                      "version": "4.0.1"
                    }
                  }
                },
                "strip-ansi": {
                  "version": "2.0.1",
                  "requires": {
                    "ansi-regex": "^1.0.0"
                  },
                  "dependencies": {
                    "ansi-regex": {
                      "version": "1.1.1"
                    }
                  }
                },
                "supports-color": {
                  "version": "1.3.1"
                }
              }
            },
            "commander": {
              "version": "2.8.1",
              "requires": {
                "graceful-readlink": ">= 1.0.0"
              },
              "dependencies": {
                "graceful-readlink": {
                  "version": "1.0.1"
                }
              }
            },
            "is-my-json-valid": {
              "version": "2.12.0",
              "requires": {
                "generate-function": "^2.0.0",
                "generate-object-property": "^1.1.0",
                "jsonpointer": "^1.1.0",
                "xtend": "^4.0.0"
              },
              "dependencies": {
                "generate-function": {
                  "version": "2.0.0"
                },
                "generate-object-property": {
                  "version": "1.2.0",
                  "requires": {
                    "is-property": "^1.0.0"
                  },
                  "dependencies": {
                    "is-property": {
                      "version": "1.0.2"
                    }
                  }
                },
                "jsonpointer": {
                  "version": "1.1.0"
                },
                "xtend": {
                  "version": "4.0.0"
                }
              }
            }
          }
        },
        "hawk": {
          "version": "2.3.1",
          "requires": {
            "boom": "2.x.x",
            "cryptiles": "2.x.x",
            "hoek": "2.x.x",
            "sntp": "1.x.x"
          },
          "dependencies": {
            "boom": {
              "version": "2.8.0",
              "requires": {
                "hoek": "2.x.x"
              }
            },
            "cryptiles": {
              "version": "2.0.4",
              "requires": {
                "boom": "2.x.x"
              }
            },
            "hoek": {
              "version": "2.14.0"
            },
            "sntp": {
              "version": "1.0.9",
              "requires": {
                "hoek": "2.x.x"
              }
            }
          }
        },
        "http-signature": {
          "version": "0.11.0",
          "requires": {
            "asn1": "0.1.11",
            "assert-plus": "^0.1.5",
            "ctype": "0.5.3"
          },
          "dependencies": {
            "asn1": {
              "version": "0.1.11"
            },
            "assert-plus": {
              "version": "0.1.5"
            },
            "ctype": {
              "version": "0.5.3"
            }
          }
        },
        "isstream": {
          "version": "0.1.2"
        },
        "json-stringify-safe": {
          "version": "5.0.1"
        },
        "mime-types": {
          "version": "2.0.14",
          "requires": {
            "mime-db": "~1.12.0"
          },
          "dependencies": {
            "mime-db": {
              "version": "1.12.0"
            }
          }
        },
        "node-uuid": {
          "version": "1.4.3"
        },
        "oauth-sign": {
          "version": "0.8.0"
        },
        "qs": {
          "version": "3.1.0"
        },
        "stringstream": {
          "version": "0.0.4"
        },
        "tough-cookie": {
          "version": "2.0.0"
        },
        "tunnel-agent": {
          "version": "0.4.0"
        }
      }
    }
  }
}
